
Microsoft Visual Studio Solution File, Format Version 12.00
# Visual Studio Version 17
VisualStudioVersion = 17.14.37012.4
MinimumVisualStudioVersion = 10.0.40219.1
Project("{FAE04EC0-301F-11D3-BF4B-00C04F79EFBC}") = "SecureChat.Server", "SecureChat.Server\SecureChat.Server.csproj", "{8DCC5462-887C-430E-98A0-F9148359E0A0}"
EndProject
Project("{FAE04EC0-301F-11D3-BF4B-00C04F79EFBC}") = "SecureChat.Client", "SecureChat.Client\SecureChat.Client.csproj", "{B6606122-BCD0-4D7B-ACC9-6610C5A29312}"
EndProject
Global
	GlobalSection(SolutionConfigurationPlatforms) = preSolution
		Debug|Any CPU = Debug|Any CPU
		Release|Any CPU = Release|Any CPU
	EndGlobalSection
	GlobalSection(ProjectConfigurationPlatforms) = postSolution
		{8DCC5462-887C-430E-98A0-F9148359E0A0}.Debug|Any CPU.ActiveCfg = Debug|Any CPU
		{8DCC5462-887C-430E-98A0-F9148359E0A0}.Debug|Any CPU.Build.0 = Debug|Any CPU
		{8DCC5462-887C-430E-98A0-F9148359E0A0}.Release|Any CPU.ActiveCfg = Release|Any CPU
		{8DCC5462-887C-430E-98A0-F9148359E0A0}.Release|Any CPU.Build.0 = Release|Any CPU
		{B6606122-BCD0-4D7B-ACC9-6610C5A29312}.Debug|Any CPU.ActiveCfg = Debug|Any CPU
		{B6606122-BCD0-4D7B-ACC9-6610C5A29312}.Debug|Any CPU.Build.0 = Debug|Any CPU
		{B6606122-BCD0-4D7B-ACC9-6610C5A29312}.Release|Any CPU.ActiveCfg = Release|Any CPU
		{B6606122-BCD0-4D7B-ACC9-6610C5A29312}.Release|Any CPU.Build.0 = Release|Any CPU
	EndGlobalSection
	GlobalSection(SolutionProperties) = preSolution
		HideSolutionNode = FALSE
	EndGlobalSection
	GlobalSection(ExtensibilityGlobals) = postSolution
		SolutionGuid = {0C448CDC-45C3-447F-93DC-93D893CDBA8F}
	EndGlobalSection
EndGlobal
